{
  "name": "udb-root",
  "lockfileVersion": 3,
  "requires": true,
  "packages": {
    "": {
      "name": "udb-root",
      "workspaces": [
        "protocol",
        "client",
        "cli",
        "daemon/linux"
      ]
    },
    "cli": {
      "name": "@udb/cli",
      "version": "0.1.0",
      "dependencies": {
        "@udb/client": "0.1.0",
        "@udb/protocol": "0.1.0"
      },
      "bin": {
        "udb": "src/udb.js"
      }
    },
    "client": {
      "name": "@udb/client",
      "version": "0.1.0",
      "dependencies": {
        "@udb/protocol": "0.1.0"
      }
    },
    "daemon/linux": {
      "name": "@udb/daemon-linux",
      "version": "0.1.0",
      "dependencies": {
        "@udb/protocol": "0.1.0"
      }
    },
    "node_modules/@udb/cli": {
      "resolved": "cli",
      "link": true
    },
    "node_modules/@udb/client": {
      "resolved": "client",
      "link": true
    },
    "node_modules/@udb/daemon-linux": {
      "resolved": "daemon/linux",
      "link": true
    },
    "node_modules/@udb/protocol": {
      "resolved": "protocol",
      "link": true
    },
    "protocol": {
      "name": "@udb/protocol",
      "version": "0.1.0"
    }
  }
}
